PODS:
  - Alamofire (4.9.1)
  - SwiftyJSON (5.0.0)

DEPENDENCIES:
  - Alamofire (~> 4.0)
  - SwiftyJSON (from `https://github.com/SwiftyJSON/SwiftyJSON.git`)

SPEC REPOS:
  https://github.com/CocoaPods/Specs.git:
    - Alamofire

EXTERNAL SOURCES:
  SwiftyJSON:
    :git: https://github.com/SwiftyJSON/SwiftyJSON.git

CHECKOUT OPTIONS:
  SwiftyJSON:
    :commit: cbf2d4955557abc1ed5debab21d20763e7ebc540
    :git: https://github.com/SwiftyJSON/SwiftyJSON.git

SPEC CHECKSUMS:
  Alamofire: 85e8a02c69d6020a0d734f6054870d7ecb75cf18
  SwiftyJSON: f0574c07d8ca1644050db687067209e3033a89a0

PODFILE CHECKSUM: 4c04c34415bda76610c63b832a261064582f6a27

COCOAPODS: 1.9.3
